{
  "name": "client",
  "lockfileVersion": 3,
  "requires": true,
  "packages": {
    "": {
      "dependencies": {
        "element-list-client": "file:.."
      }
    },
    "..": {
      "name": "element-list-client",
      "version": "1.0.0",
      "dependencies": {
        "vue": "^3.4.0"
      },
      "devDependencies": {
        "@vitejs/plugin-vue": "^5.0.0",
        "@vue/test-utils": "^2.7.1",
        "jsdom": "^21.0.0",
        "sass": "^1.70.0",
        "typescript": "^5.3.3",
        "vite": "^5.0.0",
        "vitest": "^1.0.0",
        "vue-tsc": "^2.0.0"
      }
    },
    "node_modules/element-list-client": {
      "resolved": "..",
      "link": true
    }
  }
}
